
Microsoft Visual Studio Solution File, Format Version 12.00
# Visual Studio Version 17
VisualStudioVersion = 17.6.33927.249
MinimumVisualStudioVersion = 10.0.40219.1
Project("{2150E333-8FDC-42A3-9474-1A3956D46DE8}") = "DataAccessLayers", "DataAccessLayers", "{967606CF-30CE-4FFB-86C7-C06AFE8F2111}"
EndProject
Project("{2150E333-8FDC-42A3-9474-1A3956D46DE8}") = "DB", "DB", "{4F50226D-BBE5-461B-8F1A-A3A92F7FEB5A}"
EndProject
Project("{2150E333-8FDC-42A3-9474-1A3956D46DE8}") = "SolutionItems", "SolutionItems", "{67962232-1610-40FE-914E-48359926AC1C}"
EndProject
Project("{9A19103F-16F7-4668-BE54-9A1E7A4F7556}") = "DAL", "DAL\DAL.csproj", "{9B84B87E-C997-4BB3-8421-B7E925C4D6CD}"
EndProject
Project("{9A19103F-16F7-4668-BE54-9A1E7A4F7556}") = "BaseDB", "BaseDB\BaseDB.csproj", "{AB536492-C12D-425E-ABB5-45382C2695A2}"
EndProject
Project("{9A19103F-16F7-4668-BE54-9A1E7A4F7556}") = "ModelBuilderConfig", "ModelBuilderConfig\ModelBuilderConfig.csproj", "{F1CD5500-8E32-4534-9E49-FF42290D8950}"
EndProject
Project("{9A19103F-16F7-4668-BE54-9A1E7A4F7556}") = "CoreService", "CoreService\CoreService.csproj", "{1EF808C6-6847-4698-A6B8-D5F419C9D6E4}"
EndProject
Project("{9A19103F-16F7-4668-BE54-9A1E7A4F7556}") = "Entities", "Entities\Entities.csproj", "{D35D954E-DD8E-4B33-937E-056EA23252BB}"
EndProject
Project("{9A19103F-16F7-4668-BE54-9A1E7A4F7556}") = "Repository", "Repository\Repository.csproj", "{B7CF1940-22A6-4971-B6A9-EBF3A8697505}"
EndProject
Project("{FAE04EC0-301F-11D3-BF4B-00C04F79EFBC}") = "Services", "Services\Services.csproj", "{D72F5514-3DDA-416A-8006-9FA21F8BFDAD}"
EndProject
Global
	GlobalSection(SolutionConfigurationPlatforms) = preSolution
		Debug|Any CPU = Debug|Any CPU
		Release|Any CPU = Release|Any CPU
	EndGlobalSection
	GlobalSection(ProjectConfigurationPlatforms) = postSolution
		{9B84B87E-C997-4BB3-8421-B7E925C4D6CD}.Debug|Any CPU.ActiveCfg = Debug|Any CPU
		{9B84B87E-C997-4BB3-8421-B7E925C4D6CD}.Debug|Any CPU.Build.0 = Debug|Any CPU
		{9B84B87E-C997-4BB3-8421-B7E925C4D6CD}.Release|Any CPU.ActiveCfg = Release|Any CPU
		{9B84B87E-C997-4BB3-8421-B7E925C4D6CD}.Release|Any CPU.Build.0 = Release|Any CPU
		{AB536492-C12D-425E-ABB5-45382C2695A2}.Debug|Any CPU.ActiveCfg = Debug|Any CPU
		{AB536492-C12D-425E-ABB5-45382C2695A2}.Debug|Any CPU.Build.0 = Debug|Any CPU
		{AB536492-C12D-425E-ABB5-45382C2695A2}.Release|Any CPU.ActiveCfg = Release|Any CPU
		{AB536492-C12D-425E-ABB5-45382C2695A2}.Release|Any CPU.Build.0 = Release|Any CPU
		{F1CD5500-8E32-4534-9E49-FF42290D8950}.Debug|Any CPU.ActiveCfg = Debug|Any CPU
		{F1CD5500-8E32-4534-9E49-FF42290D8950}.Debug|Any CPU.Build.0 = Debug|Any CPU
		{F1CD5500-8E32-4534-9E49-FF42290D8950}.Release|Any CPU.ActiveCfg = Release|Any CPU
		{F1CD5500-8E32-4534-9E49-FF42290D8950}.Release|Any CPU.Build.0 = Release|Any CPU
		{1EF808C6-6847-4698-A6B8-D5F419C9D6E4}.Debug|Any CPU.ActiveCfg = Debug|Any CPU
		{1EF808C6-6847-4698-A6B8-D5F419C9D6E4}.Debug|Any CPU.Build.0 = Debug|Any CPU
		{1EF808C6-6847-4698-A6B8-D5F419C9D6E4}.Release|Any CPU.ActiveCfg = Release|Any CPU
		{1EF808C6-6847-4698-A6B8-D5F419C9D6E4}.Release|Any CPU.Build.0 = Release|Any CPU
		{D35D954E-DD8E-4B33-937E-056EA23252BB}.Debug|Any CPU.ActiveCfg = Debug|Any CPU
		{D35D954E-DD8E-4B33-937E-056EA23252BB}.Debug|Any CPU.Build.0 = Debug|Any CPU
		{D35D954E-DD8E-4B33-937E-056EA23252BB}.Release|Any CPU.ActiveCfg = Release|Any CPU
		{D35D954E-DD8E-4B33-937E-056EA23252BB}.Release|Any CPU.Build.0 = Release|Any CPU
		{B7CF1940-22A6-4971-B6A9-EBF3A8697505}.Debug|Any CPU.ActiveCfg = Debug|Any CPU
		{B7CF1940-22A6-4971-B6A9-EBF3A8697505}.Debug|Any CPU.Build.0 = Debug|Any CPU
		{B7CF1940-22A6-4971-B6A9-EBF3A8697505}.Release|Any CPU.ActiveCfg = Release|Any CPU
		{B7CF1940-22A6-4971-B6A9-EBF3A8697505}.Release|Any CPU.Build.0 = Release|Any CPU
		{D72F5514-3DDA-416A-8006-9FA21F8BFDAD}.Debug|Any CPU.ActiveCfg = Debug|Any CPU
		{D72F5514-3DDA-416A-8006-9FA21F8BFDAD}.Debug|Any CPU.Build.0 = Debug|Any CPU
		{D72F5514-3DDA-416A-8006-9FA21F8BFDAD}.Release|Any CPU.ActiveCfg = Release|Any CPU
		{D72F5514-3DDA-416A-8006-9FA21F8BFDAD}.Release|Any CPU.Build.0 = Release|Any CPU
	EndGlobalSection
	GlobalSection(SolutionProperties) = preSolution
		HideSolutionNode = FALSE
	EndGlobalSection
	GlobalSection(NestedProjects) = preSolution
		{9B84B87E-C997-4BB3-8421-B7E925C4D6CD} = {967606CF-30CE-4FFB-86C7-C06AFE8F2111}
		{AB536492-C12D-425E-ABB5-45382C2695A2} = {4F50226D-BBE5-461B-8F1A-A3A92F7FEB5A}
		{F1CD5500-8E32-4534-9E49-FF42290D8950} = {4F50226D-BBE5-461B-8F1A-A3A92F7FEB5A}
		{1EF808C6-6847-4698-A6B8-D5F419C9D6E4} = {67962232-1610-40FE-914E-48359926AC1C}
		{D35D954E-DD8E-4B33-937E-056EA23252BB} = {67962232-1610-40FE-914E-48359926AC1C}
		{B7CF1940-22A6-4971-B6A9-EBF3A8697505} = {67962232-1610-40FE-914E-48359926AC1C}
		{D72F5514-3DDA-416A-8006-9FA21F8BFDAD} = {67962232-1610-40FE-914E-48359926AC1C}
	EndGlobalSection
	GlobalSection(ExtensibilityGlobals) = postSolution
		SolutionGuid = {290C0CF0-D14C-4E90-8328-3C6867E68FC0}
	EndGlobalSection
EndGlobal
